
Microsoft Visual Studio Solution File, Format Version 12.00
# Visual Studio Version 16
VisualStudioVersion = 16.0.29215.179
MinimumVisualStudioVersion = 10.0.40219.1
Project("{9A19103F-16F7-4668-BE54-9A1E7A4F7556}") = "HW2_8815", "HW2_8815.csproj", "{0F3D6F2A-F586-4852-96C1-8747130F7CBE}"
EndProject
Project("{9A19103F-16F7-4668-BE54-9A1E7A4F7556}") = "B2", "..\B2\B2.csproj", "{4649E93D-D6B2-4096-96C2-269F5D11603C}"
EndProject
Project("{9A19103F-16F7-4668-BE54-9A1E7A4F7556}") = "B3", "..\B3\B3.csproj", "{1CA2F58F-041F-48A7-B6C3-C392513173C0}"
EndProject
Project("{9A19103F-16F7-4668-BE54-9A1E7A4F7556}") = "C1", "..\C1\C1.csproj", "{89ACCC8E-3005-47E6-BDD7-23DC4C96D4B9}"
EndProject
Project("{9A19103F-16F7-4668-BE54-9A1E7A4F7556}") = "c1.2", "..\c1.2\c1.2.csproj", "{FC2A4A79-0F1C-4F41-8721-DDBE8FF4EFD7}"
EndProject
Project("{9A19103F-16F7-4668-BE54-9A1E7A4F7556}") = "C1.3", "..\C1.3\C1.3.csproj", "{E1D73EB1-EB49-479A-9485-7B9CDAF794D9}"
EndProject
Project("{9A19103F-16F7-4668-BE54-9A1E7A4F7556}") = "C1.4", "..\C1.4\C1.4.csproj", "{6F9E8BDE-002A-411F-817B-3A6F1587EF5C}"
EndProject
Project("{9A19103F-16F7-4668-BE54-9A1E7A4F7556}") = "C1.5", "..\C1.5\C1.5.csproj", "{CE3E7BD2-2919-49E9-938E-CE34E566AA5D}"
EndProject
Project("{9A19103F-16F7-4668-BE54-9A1E7A4F7556}") = "C1.6", "..\C1.6\C1.6.csproj", "{AC52DBC8-91A7-49BB-A10A-D464100DC139}"
EndProject
Project("{9A19103F-16F7-4668-BE54-9A1E7A4F7556}") = "C1.7", "..\C1.7\C1.7.csproj", "{70BC4503-07A8-41C6-A6FB-218AF5808440}"
EndProject
Project("{9A19103F-16F7-4668-BE54-9A1E7A4F7556}") = "C2.1", "..\C2.1\C2.1.csproj", "{D970D05F-D4F6-4131-95AC-B80ADDC4EB57}"
EndProject
Project("{9A19103F-16F7-4668-BE54-9A1E7A4F7556}") = "C2.2", "..\C2.2\C2.2.csproj", "{1E929B62-2D00-4ED9-9505-A9AA2422B486}"
EndProject
Project("{9A19103F-16F7-4668-BE54-9A1E7A4F7556}") = "C2.3", "..\C2.3\C2.3.csproj", "{14DDC771-5035-4551-AF95-40169C508090}"
EndProject
Project("{9A19103F-16F7-4668-BE54-9A1E7A4F7556}") = "C3.1", "..\C3.1\C3.1.csproj", "{551EE13C-C62D-4B5C-A447-1292965F0F1D}"
EndProject
Project("{9A19103F-16F7-4668-BE54-9A1E7A4F7556}") = "C3.2", "..\C3.2\C3.2.csproj", "{74E3D8AD-3140-4CB0-B3AE-B78C8C8C3C43}"
EndProject
Project("{9A19103F-16F7-4668-BE54-9A1E7A4F7556}") = "C4", "..\C4\C4.csproj", "{175E6226-595C-47D8-AE5D-19EED0A91E2A}"
EndProject
Project("{9A19103F-16F7-4668-BE54-9A1E7A4F7556}") = "D1", "..\D1\D1.csproj", "{52BC01C1-8BFD-401C-9715-66354753446C}"
EndProject
Project("{FAE04EC0-301F-11D3-BF4B-00C04F79EFBC}") = "D2.1", "..\D2.1\D2.1.csproj", "{7D543021-F2AC-4650-878B-85A11ED49B97}"
EndProject
Project("{FAE04EC0-301F-11D3-BF4B-00C04F79EFBC}") = "D2.12", "..\D2.12\D2.12.csproj", "{B5133914-D4AA-4C8D-B86D-220B38F679D5}"
EndProject
Project("{FAE04EC0-301F-11D3-BF4B-00C04F79EFBC}") = "D2.countclumps", "..\D2.countclumps\D2.countclumps.csproj", "{2B2573CD-4026-4381-9B94-D3157868E948}"
EndProject
Project("{FAE04EC0-301F-11D3-BF4B-00C04F79EFBC}") = "D1.7", "..\D1.7\D1.7.csproj", "{9875A5A0-1D86-4ECB-B315-9AB2B801233F}"
EndProject
Project("{FAE04EC0-301F-11D3-BF4B-00C04F79EFBC}") = "D2.11", "..\D2.11\D2.11.csproj", "{F7445453-98BC-4BAD-A520-FF336A35995D}"
EndProject
Global
	GlobalSection(SolutionConfigurationPlatforms) = preSolution
		Debug|Any CPU = Debug|Any CPU
		Release|Any CPU = Release|Any CPU
	EndGlobalSection
	GlobalSection(ProjectConfigurationPlatforms) = postSolution
		{0F3D6F2A-F586-4852-96C1-8747130F7CBE}.Debug|Any CPU.ActiveCfg = Debug|Any CPU
		{0F3D6F2A-F586-4852-96C1-8747130F7CBE}.Debug|Any CPU.Build.0 = Debug|Any CPU
		{0F3D6F2A-F586-4852-96C1-8747130F7CBE}.Release|Any CPU.ActiveCfg = Release|Any CPU
		{0F3D6F2A-F586-4852-96C1-8747130F7CBE}.Release|Any CPU.Build.0 = Release|Any CPU
		{4649E93D-D6B2-4096-96C2-269F5D11603C}.Debug|Any CPU.ActiveCfg = Debug|Any CPU
		{4649E93D-D6B2-4096-96C2-269F5D11603C}.Debug|Any CPU.Build.0 = Debug|Any CPU
		{4649E93D-D6B2-4096-96C2-269F5D11603C}.Release|Any CPU.ActiveCfg = Release|Any CPU
		{4649E93D-D6B2-4096-96C2-269F5D11603C}.Release|Any CPU.Build.0 = Release|Any CPU
		{1CA2F58F-041F-48A7-B6C3-C392513173C0}.Debug|Any CPU.ActiveCfg = Debug|Any CPU
		{1CA2F58F-041F-48A7-B6C3-C392513173C0}.Debug|Any CPU.Build.0 = Debug|Any CPU
		{1CA2F58F-041F-48A7-B6C3-C392513173C0}.Release|Any CPU.ActiveCfg = Release|Any CPU
		{1CA2F58F-041F-48A7-B6C3-C392513173C0}.Release|Any CPU.Build.0 = Release|Any CPU
		{89ACCC8E-3005-47E6-BDD7-23DC4C96D4B9}.Debug|Any CPU.ActiveCfg = Debug|Any CPU
		{89ACCC8E-3005-47E6-BDD7-23DC4C96D4B9}.Debug|Any CPU.Build.0 = Debug|Any CPU
		{89ACCC8E-3005-47E6-BDD7-23DC4C96D4B9}.Release|Any CPU.ActiveCfg = Release|Any CPU
		{89ACCC8E-3005-47E6-BDD7-23DC4C96D4B9}.Release|Any CPU.Build.0 = Release|Any CPU
		{FC2A4A79-0F1C-4F41-8721-DDBE8FF4EFD7}.Debug|Any CPU.ActiveCfg = Debug|Any CPU
		{FC2A4A79-0F1C-4F41-8721-DDBE8FF4EFD7}.Debug|Any CPU.Build.0 = Debug|Any CPU
		{FC2A4A79-0F1C-4F41-8721-DDBE8FF4EFD7}.Release|Any CPU.ActiveCfg = Release|Any CPU
		{FC2A4A79-0F1C-4F41-8721-DDBE8FF4EFD7}.Release|Any CPU.Build.0 = Release|Any CPU
		{E1D73EB1-EB49-479A-9485-7B9CDAF794D9}.Debug|Any CPU.ActiveCfg = Debug|Any CPU
		{E1D73EB1-EB49-479A-9485-7B9CDAF794D9}.Debug|Any CPU.Build.0 = Debug|Any CPU
		{E1D73EB1-EB49-479A-9485-7B9CDAF794D9}.Release|Any CPU.ActiveCfg = Release|Any CPU
		{E1D73EB1-EB49-479A-9485-7B9CDAF794D9}.Release|Any CPU.Build.0 = Release|Any CPU
		{6F9E8BDE-002A-411F-817B-3A6F1587EF5C}.Debug|Any CPU.ActiveCfg = Debug|Any CPU
		{6F9E8BDE-002A-411F-817B-3A6F1587EF5C}.Debug|Any CPU.Build.0 = Debug|Any CPU
		{6F9E8BDE-002A-411F-817B-3A6F1587EF5C}.Release|Any CPU.ActiveCfg = Release|Any CPU
		{6F9E8BDE-002A-411F-817B-3A6F1587EF5C}.Release|Any CPU.Build.0 = Release|Any CPU
		{CE3E7BD2-2919-49E9-938E-CE34E566AA5D}.Debug|Any CPU.ActiveCfg = Debug|Any CPU
		{CE3E7BD2-2919-49E9-938E-CE34E566AA5D}.Debug|Any CPU.Build.0 = Debug|Any CPU
		{CE3E7BD2-2919-49E9-938E-CE34E566AA5D}.Release|Any CPU.ActiveCfg = Release|Any CPU
		{CE3E7BD2-2919-49E9-938E-CE34E566AA5D}.Release|Any CPU.Build.0 = Release|Any CPU
		{AC52DBC8-91A7-49BB-A10A-D464100DC139}.Debug|Any CPU.ActiveCfg = Debug|Any CPU
		{AC52DBC8-91A7-49BB-A10A-D464100DC139}.Debug|Any CPU.Build.0 = Debug|Any CPU
		{AC52DBC8-91A7-49BB-A10A-D464100DC139}.Release|Any CPU.ActiveCfg = Release|Any CPU
		{AC52DBC8-91A7-49BB-A10A-D464100DC139}.Release|Any CPU.Build.0 = Release|Any CPU
		{70BC4503-07A8-41C6-A6FB-218AF5808440}.Debug|Any CPU.ActiveCfg = Debug|Any CPU
		{70BC4503-07A8-41C6-A6FB-218AF5808440}.Debug|Any CPU.Build.0 = Debug|Any CPU
		{70BC4503-07A8-41C6-A6FB-218AF5808440}.Release|Any CPU.ActiveCfg = Release|Any CPU
		{70BC4503-07A8-41C6-A6FB-218AF5808440}.Release|Any CPU.Build.0 = Release|Any CPU
		{D970D05F-D4F6-4131-95AC-B80ADDC4EB57}.Debug|Any CPU.ActiveCfg = Debug|Any CPU
		{D970D05F-D4F6-4131-95AC-B80ADDC4EB57}.Debug|Any CPU.Build.0 = Debug|Any CPU
		{D970D05F-D4F6-4131-95AC-B80ADDC4EB57}.Release|Any CPU.ActiveCfg = Release|Any CPU
		{D970D05F-D4F6-4131-95AC-B80ADDC4EB57}.Release|Any CPU.Build.0 = Release|Any CPU
		{1E929B62-2D00-4ED9-9505-A9AA2422B486}.Debug|Any CPU.ActiveCfg = Debug|Any CPU
		{1E929B62-2D00-4ED9-9505-A9AA2422B486}.Debug|Any CPU.Build.0 = Debug|Any CPU
		{1E929B62-2D00-4ED9-9505-A9AA2422B486}.Release|Any CPU.ActiveCfg = Release|Any CPU
		{1E929B62-2D00-4ED9-9505-A9AA2422B486}.Release|Any CPU.Build.0 = Release|Any CPU
		{14DDC771-5035-4551-AF95-40169C508090}.Debug|Any CPU.ActiveCfg = Debug|Any CPU
		{14DDC771-5035-4551-AF95-40169C508090}.Debug|Any CPU.Build.0 = Debug|Any CPU
		{14DDC771-5035-4551-AF95-40169C508090}.Release|Any CPU.ActiveCfg = Release|Any CPU
		{14DDC771-5035-4551-AF95-40169C508090}.Release|Any CPU.Build.0 = Release|Any CPU
		{551EE13C-C62D-4B5C-A447-1292965F0F1D}.Debug|Any CPU.ActiveCfg = Debug|Any CPU
		{551EE13C-C62D-4B5C-A447-1292965F0F1D}.Debug|Any CPU.Build.0 = Debug|Any CPU
		{551EE13C-C62D-4B5C-A447-1292965F0F1D}.Release|Any CPU.ActiveCfg = Release|Any CPU
		{551EE13C-C62D-4B5C-A447-1292965F0F1D}.Release|Any CPU.Build.0 = Release|Any CPU
		{74E3D8AD-3140-4CB0-B3AE-B78C8C8C3C43}.Debug|Any CPU.ActiveCfg = Debug|Any CPU
		{74E3D8AD-3140-4CB0-B3AE-B78C8C8C3C43}.Debug|Any CPU.Build.0 = Debug|Any CPU
		{74E3D8AD-3140-4CB0-B3AE-B78C8C8C3C43}.Release|Any CPU.ActiveCfg = Release|Any CPU
		{74E3D8AD-3140-4CB0-B3AE-B78C8C8C3C43}.Release|Any CPU.Build.0 = Release|Any CPU
		{175E6226-595C-47D8-AE5D-19EED0A91E2A}.Debug|Any CPU.ActiveCfg = Debug|Any CPU
		{175E6226-595C-47D8-AE5D-19EED0A91E2A}.Debug|Any CPU.Build.0 = Debug|Any CPU
		{175E6226-595C-47D8-AE5D-19EED0A91E2A}.Release|Any CPU.ActiveCfg = Release|Any CPU
		{175E6226-595C-47D8-AE5D-19EED0A91E2A}.Release|Any CPU.Build.0 = Release|Any CPU
		{52BC01C1-8BFD-401C-9715-66354753446C}.Debug|Any CPU.ActiveCfg = Debug|Any CPU
		{52BC01C1-8BFD-401C-9715-66354753446C}.Debug|Any CPU.Build.0 = Debug|Any CPU
		{52BC01C1-8BFD-401C-9715-66354753446C}.Release|Any CPU.ActiveCfg = Release|Any CPU
		{52BC01C1-8BFD-401C-9715-66354753446C}.Release|Any CPU.Build.0 = Release|Any CPU
		{7D543021-F2AC-4650-878B-85A11ED49B97}.Debug|Any CPU.ActiveCfg = Debug|Any CPU
		{7D543021-F2AC-4650-878B-85A11ED49B97}.Debug|Any CPU.Build.0 = Debug|Any CPU
		{7D543021-F2AC-4650-878B-85A11ED49B97}.Release|Any CPU.ActiveCfg = Release|Any CPU
		{7D543021-F2AC-4650-878B-85A11ED49B97}.Release|Any CPU.Build.0 = Release|Any CPU
		{B5133914-D4AA-4C8D-B86D-220B38F679D5}.Debug|Any CPU.ActiveCfg = Debug|Any CPU
		{B5133914-D4AA-4C8D-B86D-220B38F679D5}.Debug|Any CPU.Build.0 = Debug|Any CPU
		{B5133914-D4AA-4C8D-B86D-220B38F679D5}.Release|Any CPU.ActiveCfg = Release|Any CPU
		{B5133914-D4AA-4C8D-B86D-220B38F679D5}.Release|Any CPU.Build.0 = Release|Any CPU
		{2B2573CD-4026-4381-9B94-D3157868E948}.Debug|Any CPU.ActiveCfg = Debug|Any CPU
		{2B2573CD-4026-4381-9B94-D3157868E948}.Debug|Any CPU.Build.0 = Debug|Any CPU
		{2B2573CD-4026-4381-9B94-D3157868E948}.Release|Any CPU.ActiveCfg = Release|Any CPU
		{2B2573CD-4026-4381-9B94-D3157868E948}.Release|Any CPU.Build.0 = Release|Any CPU
		{9875A5A0-1D86-4ECB-B315-9AB2B801233F}.Debug|Any CPU.ActiveCfg = Debug|Any CPU
		{9875A5A0-1D86-4ECB-B315-9AB2B801233F}.Debug|Any CPU.Build.0 = Debug|Any CPU
		{9875A5A0-1D86-4ECB-B315-9AB2B801233F}.Release|Any CPU.ActiveCfg = Release|Any CPU
		{9875A5A0-1D86-4ECB-B315-9AB2B801233F}.Release|Any CPU.Build.0 = Release|Any CPU
		{F7445453-98BC-4BAD-A520-FF336A35995D}.Debug|Any CPU.ActiveCfg = Debug|Any CPU
		{F7445453-98BC-4BAD-A520-FF336A35995D}.Debug|Any CPU.Build.0 = Debug|Any CPU
		{F7445453-98BC-4BAD-A520-FF336A35995D}.Release|Any CPU.ActiveCfg = Release|Any CPU
		{F7445453-98BC-4BAD-A520-FF336A35995D}.Release|Any CPU.Build.0 = Release|Any CPU
	EndGlobalSection
	GlobalSection(SolutionProperties) = preSolution
		HideSolutionNode = FALSE
	EndGlobalSection
	GlobalSection(ExtensibilityGlobals) = postSolution
		SolutionGuid = {F1F1C4BC-1FC6-417B-90DE-881E844F3BF0}
	EndGlobalSection
EndGlobal
