
Microsoft Visual Studio Solution File, Format Version 12.00
# Visual Studio Version 16
VisualStudioVersion = 16.0.29215.179
MinimumVisualStudioVersion = 10.0.40219.1
Project("{FAE04EC0-301F-11D3-BF4B-00C04F79EFBC}") = "ISAM_5430_hw3_8815", "ISAM_5430_hw3_8815.csproj", "{BBAF8554-2564-4861-B844-927BCF535A05}"
EndProject
Project("{2150E333-8FDC-42A3-9474-1A3956D46DE8}") = "B", "B", "{D579E1F1-4EF0-454B-9D7E-660315D005FD}"
EndProject
Project("{2150E333-8FDC-42A3-9474-1A3956D46DE8}") = "C", "C", "{B5AC28E7-D3F4-495D-9757-65D72FE23483}"
EndProject
Project("{FAE04EC0-301F-11D3-BF4B-00C04F79EFBC}") = "b.1", "..\b.1\b.1.csproj", "{E3AC3241-95AC-4246-889F-922DCDC23DAA}"
EndProject
Project("{FAE04EC0-301F-11D3-BF4B-00C04F79EFBC}") = "b.2", "..\b.2\b.2.csproj", "{150F1E9D-E8BB-45EB-9233-E03BF22E0C80}"
EndProject
Project("{FAE04EC0-301F-11D3-BF4B-00C04F79EFBC}") = "b.3", "..\b.3\b.3.csproj", "{6725462A-F831-462D-8D0E-B7B179599283}"
EndProject
Project("{FAE04EC0-301F-11D3-BF4B-00C04F79EFBC}") = "b.4", "..\b.4\b.4.csproj", "{D2513EB5-5DCD-4F5F-BD93-438B52385596}"
EndProject
Project("{FAE04EC0-301F-11D3-BF4B-00C04F79EFBC}") = "b.5", "..\b.5\b.5.csproj", "{113D38EA-9388-4DDC-BA02-30E62AA48684}"
EndProject
Project("{FAE04EC0-301F-11D3-BF4B-00C04F79EFBC}") = "b.6", "..\b.6\b.6.csproj", "{F8E67094-8A2A-4B61-BFA9-896DDD59F9A3}"
EndProject
Project("{FAE04EC0-301F-11D3-BF4B-00C04F79EFBC}") = "b.7", "..\b.7\b.7.csproj", "{F31B6984-A8A2-4687-95D1-3AFF3C14EFB3}"
EndProject
Project("{FAE04EC0-301F-11D3-BF4B-00C04F79EFBC}") = "b.8", "..\b.8\b.8.csproj", "{4F268545-39B4-42AF-9DB6-325FEAE0A640}"
EndProject
Project("{FAE04EC0-301F-11D3-BF4B-00C04F79EFBC}") = "b.9", "..\b.9\b.9.csproj", "{E3F9B52E-1CA8-4EE4-94F5-24FE7C168685}"
EndProject
Project("{FAE04EC0-301F-11D3-BF4B-00C04F79EFBC}") = "c.1", "..\c.1\c.1.csproj", "{9408D34F-19AA-4A13-B6F0-AED962917193}"
EndProject
Project("{FAE04EC0-301F-11D3-BF4B-00C04F79EFBC}") = "c.2", "..\c.2\c.2.csproj", "{CFD78734-DDF4-412A-8E22-81F9CFA7449B}"
EndProject
Project("{FAE04EC0-301F-11D3-BF4B-00C04F79EFBC}") = "c.3", "..\c.3\c.3.csproj", "{719A5716-11DA-491C-B53E-CD22AC0BF5A1}"
EndProject
Project("{FAE04EC0-301F-11D3-BF4B-00C04F79EFBC}") = "c.4", "..\c.4\c.4.csproj", "{BD343421-FCC8-4ACA-9B94-311650BB711C}"
EndProject
Project("{FAE04EC0-301F-11D3-BF4B-00C04F79EFBC}") = "c.5", "..\c.5\c.5.csproj", "{505E5B7F-4C1A-4BCB-A473-80FC58BE4325}"
EndProject
Project("{FAE04EC0-301F-11D3-BF4B-00C04F79EFBC}") = "c.6", "..\c.6\c.6.csproj", "{17FAC201-E550-491D-873F-B4301159DB50}"
EndProject
Project("{FAE04EC0-301F-11D3-BF4B-00C04F79EFBC}") = "c.7", "..\c.7\c.7.csproj", "{CA62F01E-EED9-4B38-AC01-3742DFF4D8BB}"
EndProject
Global
	GlobalSection(SolutionConfigurationPlatforms) = preSolution
		Debug|Any CPU = Debug|Any CPU
		Release|Any CPU = Release|Any CPU
	EndGlobalSection
	GlobalSection(ProjectConfigurationPlatforms) = postSolution
		{BBAF8554-2564-4861-B844-927BCF535A05}.Debug|Any CPU.ActiveCfg = Debug|Any CPU
		{BBAF8554-2564-4861-B844-927BCF535A05}.Debug|Any CPU.Build.0 = Debug|Any CPU
		{BBAF8554-2564-4861-B844-927BCF535A05}.Release|Any CPU.ActiveCfg = Release|Any CPU
		{BBAF8554-2564-4861-B844-927BCF535A05}.Release|Any CPU.Build.0 = Release|Any CPU
		{E3AC3241-95AC-4246-889F-922DCDC23DAA}.Debug|Any CPU.ActiveCfg = Debug|Any CPU
		{E3AC3241-95AC-4246-889F-922DCDC23DAA}.Debug|Any CPU.Build.0 = Debug|Any CPU
		{E3AC3241-95AC-4246-889F-922DCDC23DAA}.Release|Any CPU.ActiveCfg = Release|Any CPU
		{E3AC3241-95AC-4246-889F-922DCDC23DAA}.Release|Any CPU.Build.0 = Release|Any CPU
		{150F1E9D-E8BB-45EB-9233-E03BF22E0C80}.Debug|Any CPU.ActiveCfg = Debug|Any CPU
		{150F1E9D-E8BB-45EB-9233-E03BF22E0C80}.Debug|Any CPU.Build.0 = Debug|Any CPU
		{150F1E9D-E8BB-45EB-9233-E03BF22E0C80}.Release|Any CPU.ActiveCfg = Release|Any CPU
		{150F1E9D-E8BB-45EB-9233-E03BF22E0C80}.Release|Any CPU.Build.0 = Release|Any CPU
		{6725462A-F831-462D-8D0E-B7B179599283}.Debug|Any CPU.ActiveCfg = Debug|Any CPU
		{6725462A-F831-462D-8D0E-B7B179599283}.Debug|Any CPU.Build.0 = Debug|Any CPU
		{6725462A-F831-462D-8D0E-B7B179599283}.Release|Any CPU.ActiveCfg = Release|Any CPU
		{6725462A-F831-462D-8D0E-B7B179599283}.Release|Any CPU.Build.0 = Release|Any CPU
		{D2513EB5-5DCD-4F5F-BD93-438B52385596}.Debug|Any CPU.ActiveCfg = Debug|Any CPU
		{D2513EB5-5DCD-4F5F-BD93-438B52385596}.Debug|Any CPU.Build.0 = Debug|Any CPU
		{D2513EB5-5DCD-4F5F-BD93-438B52385596}.Release|Any CPU.ActiveCfg = Release|Any CPU
		{D2513EB5-5DCD-4F5F-BD93-438B52385596}.Release|Any CPU.Build.0 = Release|Any CPU
		{113D38EA-9388-4DDC-BA02-30E62AA48684}.Debug|Any CPU.ActiveCfg = Debug|Any CPU
		{113D38EA-9388-4DDC-BA02-30E62AA48684}.Debug|Any CPU.Build.0 = Debug|Any CPU
		{113D38EA-9388-4DDC-BA02-30E62AA48684}.Release|Any CPU.ActiveCfg = Release|Any CPU
		{113D38EA-9388-4DDC-BA02-30E62AA48684}.Release|Any CPU.Build.0 = Release|Any CPU
		{F8E67094-8A2A-4B61-BFA9-896DDD59F9A3}.Debug|Any CPU.ActiveCfg = Debug|Any CPU
		{F8E67094-8A2A-4B61-BFA9-896DDD59F9A3}.Debug|Any CPU.Build.0 = Debug|Any CPU
		{F8E67094-8A2A-4B61-BFA9-896DDD59F9A3}.Release|Any CPU.ActiveCfg = Release|Any CPU
		{F8E67094-8A2A-4B61-BFA9-896DDD59F9A3}.Release|Any CPU.Build.0 = Release|Any CPU
		{F31B6984-A8A2-4687-95D1-3AFF3C14EFB3}.Debug|Any CPU.ActiveCfg = Debug|Any CPU
		{F31B6984-A8A2-4687-95D1-3AFF3C14EFB3}.Debug|Any CPU.Build.0 = Debug|Any CPU
		{F31B6984-A8A2-4687-95D1-3AFF3C14EFB3}.Release|Any CPU.ActiveCfg = Release|Any CPU
		{F31B6984-A8A2-4687-95D1-3AFF3C14EFB3}.Release|Any CPU.Build.0 = Release|Any CPU
		{4F268545-39B4-42AF-9DB6-325FEAE0A640}.Debug|Any CPU.ActiveCfg = Debug|Any CPU
		{4F268545-39B4-42AF-9DB6-325FEAE0A640}.Debug|Any CPU.Build.0 = Debug|Any CPU
		{4F268545-39B4-42AF-9DB6-325FEAE0A640}.Release|Any CPU.ActiveCfg = Release|Any CPU
		{4F268545-39B4-42AF-9DB6-325FEAE0A640}.Release|Any CPU.Build.0 = Release|Any CPU
		{E3F9B52E-1CA8-4EE4-94F5-24FE7C168685}.Debug|Any CPU.ActiveCfg = Debug|Any CPU
		{E3F9B52E-1CA8-4EE4-94F5-24FE7C168685}.Debug|Any CPU.Build.0 = Debug|Any CPU
		{E3F9B52E-1CA8-4EE4-94F5-24FE7C168685}.Release|Any CPU.ActiveCfg = Release|Any CPU
		{E3F9B52E-1CA8-4EE4-94F5-24FE7C168685}.Release|Any CPU.Build.0 = Release|Any CPU
		{9408D34F-19AA-4A13-B6F0-AED962917193}.Debug|Any CPU.ActiveCfg = Debug|Any CPU
		{9408D34F-19AA-4A13-B6F0-AED962917193}.Debug|Any CPU.Build.0 = Debug|Any CPU
		{9408D34F-19AA-4A13-B6F0-AED962917193}.Release|Any CPU.ActiveCfg = Release|Any CPU
		{9408D34F-19AA-4A13-B6F0-AED962917193}.Release|Any CPU.Build.0 = Release|Any CPU
		{CFD78734-DDF4-412A-8E22-81F9CFA7449B}.Debug|Any CPU.ActiveCfg = Debug|Any CPU
		{CFD78734-DDF4-412A-8E22-81F9CFA7449B}.Debug|Any CPU.Build.0 = Debug|Any CPU
		{CFD78734-DDF4-412A-8E22-81F9CFA7449B}.Release|Any CPU.ActiveCfg = Release|Any CPU
		{CFD78734-DDF4-412A-8E22-81F9CFA7449B}.Release|Any CPU.Build.0 = Release|Any CPU
		{719A5716-11DA-491C-B53E-CD22AC0BF5A1}.Debug|Any CPU.ActiveCfg = Debug|Any CPU
		{719A5716-11DA-491C-B53E-CD22AC0BF5A1}.Debug|Any CPU.Build.0 = Debug|Any CPU
		{719A5716-11DA-491C-B53E-CD22AC0BF5A1}.Release|Any CPU.ActiveCfg = Release|Any CPU
		{719A5716-11DA-491C-B53E-CD22AC0BF5A1}.Release|Any CPU.Build.0 = Release|Any CPU
		{BD343421-FCC8-4ACA-9B94-311650BB711C}.Debug|Any CPU.ActiveCfg = Debug|Any CPU
		{BD343421-FCC8-4ACA-9B94-311650BB711C}.Debug|Any CPU.Build.0 = Debug|Any CPU
		{BD343421-FCC8-4ACA-9B94-311650BB711C}.Release|Any CPU.ActiveCfg = Release|Any CPU
		{BD343421-FCC8-4ACA-9B94-311650BB711C}.Release|Any CPU.Build.0 = Release|Any CPU
		{505E5B7F-4C1A-4BCB-A473-80FC58BE4325}.Debug|Any CPU.ActiveCfg = Debug|Any CPU
		{505E5B7F-4C1A-4BCB-A473-80FC58BE4325}.Debug|Any CPU.Build.0 = Debug|Any CPU
		{505E5B7F-4C1A-4BCB-A473-80FC58BE4325}.Release|Any CPU.ActiveCfg = Release|Any CPU
		{505E5B7F-4C1A-4BCB-A473-80FC58BE4325}.Release|Any CPU.Build.0 = Release|Any CPU
		{17FAC201-E550-491D-873F-B4301159DB50}.Debug|Any CPU.ActiveCfg = Debug|Any CPU
		{17FAC201-E550-491D-873F-B4301159DB50}.Debug|Any CPU.Build.0 = Debug|Any CPU
		{17FAC201-E550-491D-873F-B4301159DB50}.Release|Any CPU.ActiveCfg = Release|Any CPU
		{17FAC201-E550-491D-873F-B4301159DB50}.Release|Any CPU.Build.0 = Release|Any CPU
		{CA62F01E-EED9-4B38-AC01-3742DFF4D8BB}.Debug|Any CPU.ActiveCfg = Debug|Any CPU
		{CA62F01E-EED9-4B38-AC01-3742DFF4D8BB}.Debug|Any CPU.Build.0 = Debug|Any CPU
		{CA62F01E-EED9-4B38-AC01-3742DFF4D8BB}.Release|Any CPU.ActiveCfg = Release|Any CPU
		{CA62F01E-EED9-4B38-AC01-3742DFF4D8BB}.Release|Any CPU.Build.0 = Release|Any CPU
	EndGlobalSection
	GlobalSection(SolutionProperties) = preSolution
		HideSolutionNode = FALSE
	EndGlobalSection
	GlobalSection(NestedProjects) = preSolution
		{E3AC3241-95AC-4246-889F-922DCDC23DAA} = {D579E1F1-4EF0-454B-9D7E-660315D005FD}
		{150F1E9D-E8BB-45EB-9233-E03BF22E0C80} = {D579E1F1-4EF0-454B-9D7E-660315D005FD}
		{6725462A-F831-462D-8D0E-B7B179599283} = {D579E1F1-4EF0-454B-9D7E-660315D005FD}
		{D2513EB5-5DCD-4F5F-BD93-438B52385596} = {D579E1F1-4EF0-454B-9D7E-660315D005FD}
		{113D38EA-9388-4DDC-BA02-30E62AA48684} = {D579E1F1-4EF0-454B-9D7E-660315D005FD}
		{F8E67094-8A2A-4B61-BFA9-896DDD59F9A3} = {D579E1F1-4EF0-454B-9D7E-660315D005FD}
		{F31B6984-A8A2-4687-95D1-3AFF3C14EFB3} = {D579E1F1-4EF0-454B-9D7E-660315D005FD}
		{4F268545-39B4-42AF-9DB6-325FEAE0A640} = {D579E1F1-4EF0-454B-9D7E-660315D005FD}
		{E3F9B52E-1CA8-4EE4-94F5-24FE7C168685} = {D579E1F1-4EF0-454B-9D7E-660315D005FD}
		{9408D34F-19AA-4A13-B6F0-AED962917193} = {B5AC28E7-D3F4-495D-9757-65D72FE23483}
		{CFD78734-DDF4-412A-8E22-81F9CFA7449B} = {B5AC28E7-D3F4-495D-9757-65D72FE23483}
		{719A5716-11DA-491C-B53E-CD22AC0BF5A1} = {B5AC28E7-D3F4-495D-9757-65D72FE23483}
		{BD343421-FCC8-4ACA-9B94-311650BB711C} = {B5AC28E7-D3F4-495D-9757-65D72FE23483}
		{505E5B7F-4C1A-4BCB-A473-80FC58BE4325} = {B5AC28E7-D3F4-495D-9757-65D72FE23483}
		{17FAC201-E550-491D-873F-B4301159DB50} = {B5AC28E7-D3F4-495D-9757-65D72FE23483}
		{CA62F01E-EED9-4B38-AC01-3742DFF4D8BB} = {B5AC28E7-D3F4-495D-9757-65D72FE23483}
	EndGlobalSection
	GlobalSection(ExtensibilityGlobals) = postSolution
		SolutionGuid = {DC20AE87-B0D4-4D90-96DD-31E86CD05755}
	EndGlobalSection
EndGlobal
